// !$*UTF8*$!
{
	archiveVersion = 1;
	classes = {
	};
	objectVersion = 50;
	objects = {

/* Begin PBXBuildFile section */
		13FE881226D95AF30005BED6 /* Tests_iOS.swift in Sources */ = {isa = PBXBuildFile; fileRef = 13FE881126D95AF30005BED6 /* Tests_iOS.swift */; };
		13FE881F26D95AF30005BED6 /* ScrumdingerApp.swift in Sources */ = {isa = PBXBuildFile; fileRef = 13FE87F626D95AF20005BED6 /* ScrumdingerApp.swift */; };
		13FE882126D95AF30005BED6 /* MeetingView.swift in Sources */ = {isa = PBXBuildFile; fileRef = 13FE87F726D95AF20005BED6 /* MeetingView.swift */; };
		13FE882326D95AF30005BED6 /* Assets.xcassets in Resources */ = {isa = PBXBuildFile; fileRef = 13FE87F826D95AF30005BED6 /* Assets.xcassets */; };
		13FE883526D997AF0005BED6 /* DailyScrum.swift in Sources */ = {isa = PBXBuildFile; fileRef = 13FE883426D997AF0005BED6 /* DailyScrum.swift */; };
		13FE883626D997AF0005BED6 /* DailyScrum.swift in Sources */ = {isa = PBXBuildFile; fileRef = 13FE883426D997AF0005BED6 /* DailyScrum.swift */; };
		13FE883926D99BB20005BED6 /* CardView.swift in Sources */ = {isa = PBXBuildFile; fileRef = 13FE883826D99BB20005BED6 /* CardView.swift */; };
		13FE883A26D99BB20005BED6 /* CardView.swift in Sources */ = {isa = PBXBuildFile; fileRef = 13FE883826D99BB20005BED6 /* CardView.swift */; };
/* End PBXBuildFile section */

/* Begin PBXContainerItemProxy section */
		13FE880E26D95AF30005BED6 /* PBXContainerItemProxy */ = {
			isa = PBXContainerItemProxy;
			containerPortal = 13FE87F126D95AF20005BED6 /* Project object */;
			proxyType = 1;
			remoteGlobalIDString = 13FE87FC26D95AF30005BED6;
			remoteInfo = "Scrumdinger (iOS)";
		};
/* End PBXContainerItemProxy section */

/* Begin PBXFileReference section */
		13FE87F626D95AF20005BED6 /* ScrumdingerApp.swift */ = {isa = PBXFileReference; lastKnownFileType = sourcecode.swift; path = ScrumdingerApp.swift; sourceTree = "<group>"; };
		13FE87F726D95AF20005BED6 /* MeetingView.swift */ = {isa = PBXFileReference; lastKnownFileType = sourcecode.swift; path = MeetingView.swift; sourceTree = "<group>"; };
		13FE87F826D95AF30005BED6 /* Assets.xcassets */ = {isa = PBXFileReference; lastKnownFileType = folder.assetcatalog; path = Assets.xcassets; sourceTree = "<group>"; };
		13FE87FD26D95AF30005BED6 /* Scrumdinger.app */ = {isa = PBXFileReference; explicitFileType = wrapper.application; includeInIndex = 0; path = Scrumdinger.app; sourceTree = BUILT_PRODUCTS_DIR; };
		13FE880026D95AF30005BED6 /* Info.plist */ = {isa = PBXFileReference; lastKnownFileType = text.plist.xml; path = Info.plist; sourceTree = "<group>"; };
		13FE880D26D95AF30005BED6 /* Tests iOS.xctest */ = {isa = PBXFileReference; explicitFileType = wrapper.cfbundle; includeInIndex = 0; path = "Tests iOS.xctest"; sourceTree = BUILT_PRODUCTS_DIR; };
		13FE881126D95AF30005BED6 /* Tests_iOS.swift */ = {isa = PBXFileReference; lastKnownFileType = sourcecode.swift; path = Tests_iOS.swift; sourceTree = "<group>"; };
		13FE881326D95AF30005BED6 /* Info.plist */ = {isa = PBXFileReference; lastKnownFileType = text.plist.xml; path = Info.plist; sourceTree = "<group>"; };
		13FE883426D997AF0005BED6 /* DailyScrum.swift */ = {isa = PBXFileReference; lastKnownFileType = sourcecode.swift; path = DailyScrum.swift; sourceTree = "<group>"; };
		13FE883826D99BB20005BED6 /* CardView.swift */ = {isa = PBXFileReference; lastKnownFileType = sourcecode.swift; path = CardView.swift; sourceTree = "<group>"; };
/* End PBXFileReference section */

/* Begin PBXFrameworksBuildPhase section */
		13FE87FA26D95AF30005BED6 /* Frameworks */ = {
			isa = PBXFrameworksBuildPhase;
			buildActionMask = 2147483647;
			files = (
			);
			runOnlyForDeploymentPostprocessing = 0;
		};
		13FE880A26D95AF30005BED6 /* Frameworks */ = {
			isa = PBXFrameworksBuildPhase;
			buildActionMask = 2147483647;
			files = (
			);
			runOnlyForDeploymentPostprocessing = 0;
		};
/* End PBXFrameworksBuildPhase section */

/* Begin PBXGroup section */
		13FE87F026D95AF20005BED6 = {
			isa = PBXGroup;
			children = (
				13FE883726D99B640005BED6 /* Views */,
				13FE883326D997730005BED6 /* Models */,
				13FE87F526D95AF20005BED6 /* Shared */,
				13FE87FF26D95AF30005BED6 /* iOS */,
				13FE881026D95AF30005BED6 /* Tests iOS */,
				13FE87FE26D95AF30005BED6 /* Products */,
			);
			sourceTree = "<group>";
		};
		13FE87F526D95AF20005BED6 /* Shared */ = {
			isa = PBXGroup;
			children = (
				13FE87F626D95AF20005BED6 /* ScrumdingerApp.swift */,
				13FE87F826D95AF30005BED6 /* Assets.xcassets */,
			);
			path = Shared;
			sourceTree = "<group>";
		};
		13FE87FE26D95AF30005BED6 /* Products */ = {
			isa = PBXGroup;
			children = (
				13FE87FD26D95AF30005BED6 /* Scrumdinger.app */,
				13FE880D26D95AF30005BED6 /* Tests iOS.xctest */,
			);
			name = Products;
			sourceTree = "<group>";
		};
		13FE87FF26D95AF30005BED6 /* iOS */ = {
			isa = PBXGroup;
			children = (
				13FE880026D95AF30005BED6 /* Info.plist */,
			);
			path = iOS;
			sourceTree = "<group>";
		};
		13FE881026D95AF30005BED6 /* Tests iOS */ = {
			isa = PBXGroup;
			children = (
				13FE881126D95AF30005BED6 /* Tests_iOS.swift */,
				13FE881326D95AF30005BED6 /* Info.plist */,
			);
			path = "Tests iOS";
			sourceTree = "<group>";
		};
		13FE883326D997730005BED6 /* Models */ = {
			isa = PBXGroup;
			children = (
				13FE883426D997AF0005BED6 /* DailyScrum.swift */,
			);
			path = Models;
			sourceTree = "<group>";
		};
		13FE883726D99B640005BED6 /* Views */ = {
			isa = PBXGroup;
			children = (
				13FE87F726D95AF20005BED6 /* MeetingView.swift */,
				13FE883826D99BB20005BED6 /* CardView.swift */,
			);
			path = Views;
			sourceTree = "<group>";
		};
/* End PBXGroup section */

/* Begin PBXNativeTarget section */
		13FE87FC26D95AF30005BED6 /* Scrumdinger (iOS) */ = {
			isa = PBXNativeTarget;
			buildConfigurationList = 13FE882726D95AF30005BED6 /* Build configuration list for PBXNativeTarget "Scrumdinger (iOS)" */;
			buildPhases = (
				13FE87F926D95AF30005BED6 /* Sources */,
				13FE87FA26D95AF30005BED6 /* Frameworks */,
				13FE87FB26D95AF30005BED6 /* Resources */,
			);
			buildRules = (
			);
			dependencies = (
			);
			name = "Scrumdinger (iOS)";
			productName = "Scrumdinger (iOS)";
			productReference = 13FE87FD26D95AF30005BED6 /* Scrumdinger.app */;
			productType = "com.apple.product-type.application";
		};
		13FE880C26D95AF30005BED6 /* Tests iOS */ = {
			isa = PBXNativeTarget;
			buildConfigurationList = 13FE882D26D95AF30005BED6 /* Build configuration list for PBXNativeTarget "Tests iOS" */;
			buildPhases = (
				13FE880926D95AF30005BED6 /* Sources */,
				13FE880A26D95AF30005BED6 /* Frameworks */,
				13FE880B26D95AF30005BED6 /* Resources */,
			);
			buildRules = (
			);
			dependencies = (
				13FE880F26D95AF30005BED6 /* PBXTargetDependency */,
			);
			name = "Tests iOS";
			productName = "Tests iOS";
			productReference = 13FE880D26D95AF30005BED6 /* Tests iOS.xctest */;
			productType = "com.apple.product-type.bundle.ui-testing";
		};
/* End PBXNativeTarget section */

/* Begin PBXProject section */
		13FE87F126D95AF20005BED6 /* Project object */ = {
			isa = PBXProject;
			attributes = {
				LastSwiftUpdateCheck = 1250;
				LastUpgradeCheck = 1250;
				TargetAttributes = {
					13FE87FC26D95AF30005BED6 = {
						CreatedOnToolsVersion = 12.5.1;
					};
					13FE880C26D95AF30005BED6 = {
						CreatedOnToolsVersion = 12.5.1;
						TestTargetID = 13FE87FC26D95AF30005BED6;
					};
				};
			};
			buildConfigurationList = 13FE87F426D95AF20005BED6 /* Build configuration list for PBXProject "Scrumdinger" */;
			compatibilityVersion = "Xcode 9.3";
			developmentRegion = en;
			hasScannedForEncodings = 0;
			knownRegions = (
				en,
				Base,
			);
			mainGroup = 13FE87F026D95AF20005BED6;
			productRefGroup = 13FE87FE26D95AF30005BED6 /* Products */;
			projectDirPath = "";
			projectRoot = "";
			targets = (
				13FE87FC26D95AF30005BED6 /* Scrumdinger (iOS) */,
				13FE880C26D95AF30005BED6 /* Tests iOS */,
			);
		};
/* End PBXProject section */

/* Begin PBXResourcesBuildPhase section */
		13FE87FB26D95AF30005BED6 /* Resources */ = {
			isa = PBXResourcesBuildPhase;
			buildActionMask = 2147483647;
			files = (
				13FE882326D95AF30005BED6 /* Assets.xcassets in Resources */,
			);
			runOnlyForDeploymentPostprocessing = 0;
		};
		13FE880B26D95AF30005BED6 /* Resources */ = {
			isa = PBXResourcesBuildPhase;
			buildActionMask = 2147483647;
			files = (
			);
			runOnlyForDeploymentPostprocessing = 0;
		};
/* End PBXResourcesBuildPhase section */

/* Begin PBXSourcesBuildPhase section */
		13FE87F926D95AF30005BED6 /* Sources */ = {
			isa = PBXSourcesBuildPhase;
			buildActionMask = 2147483647;
			files = (
				13FE882126D95AF30005BED6 /* MeetingView.swift in Sources */,
				13FE883526D997AF0005BED6 /* DailyScrum.swift in Sources */,
				13FE883926D99BB20005BED6 /* CardView.swift in Sources */,
				13FE881F26D95AF30005BED6 /* ScrumdingerApp.swift in Sources */,
			);
			runOnlyForDeploymentPostprocessing = 0;
		};
		13FE880926D95AF30005BED6 /* Sources */ = {
			isa = PBXSourcesBuildPhase;
			buildActionMask = 2147483647;
			files = (
				13FE883626D997AF0005BED6 /* DailyScrum.swift in Sources */,
				13FE883A26D99BB20005BED6 /* CardView.swift in Sources */,
				13FE881226D95AF30005BED6 /* Tests_iOS.swift in Sources */,
			);
			runOnlyForDeploymentPostprocessing = 0;
		};
/* End PBXSourcesBuildPhase section */

/* Begin PBXTargetDependency section */
		13FE880F26D95AF30005BED6 /* PBXTargetDependency */ = {
			isa = PBXTargetDependency;
			target = 13FE87FC26D95AF30005BED6 /* Scrumdinger (iOS) */;
			targetProxy = 13FE880E26D95AF30005BED6 /* PBXContainerItemProxy */;
		};
/* End PBXTargetDependency section */

/* Begin XCBuildConfiguration section */
		13FE882526D95AF30005BED6 /* Debug */ = {
			isa = XCBuildConfiguration;
			buildSettings = {
				ALWAYS_SEARCH_USER_PATHS = NO;
				CLANG_ANALYZER_NONNULL = YES;
				CLANG_ANALYZER_NUMBER_OBJECT_CONVERSION = YES_AGGRESSIVE;
				CLANG_CXX_LANGUAGE_STANDARD = "gnu++14";
				CLANG_CXX_LIBRARY = "libc++";
				CLANG_ENABLE_MODULES = YES;
				CLANG_ENABLE_OBJC_ARC = YES;
				CLANG_ENABLE_OBJC_WEAK = YES;
				CLANG_WARN_BLOCK_CAPTURE_AUTORELEASING = YES;
				CLANG_WARN_BOOL_CONVERSION = YES;
				CLANG_WARN_COMMA = YES;
				CLANG_WARN_CONSTANT_CONVERSION = YES;
				CLANG_WARN_DEPRECATED_OBJC_IMPLEMENTATIONS = YES;
				CLANG_WARN_DIRECT_OBJC_ISA_USAGE = YES_ERROR;
				CLANG_WARN_DOCUMENTATION_COMMENTS = YES;
				CLANG_WARN_EMPTY_BODY = YES;
				CLANG_WARN_ENUM_CONVERSION = YES;
				CLANG_WARN_INFINITE_RECURSION = YES;
				CLANG_WARN_INT_CONVERSION = YES;
				CLANG_WARN_NON_LITERAL_NULL_CONVERSION = YES;
				CLANG_WARN_OBJC_IMPLICIT_RETAIN_SELF = YES;
				CLANG_WARN_OBJC_LITERAL_CONVERSION = YES;
				CLANG_WARN_OBJC_ROOT_CLASS = YES_ERROR;
				CLANG_WARN_QUOTED_INCLUDE_IN_FRAMEWORK_HEADER = YES;
				CLANG_WARN_RANGE_LOOP_ANALYSIS = YES;
				CLANG_WARN_STRICT_PROTOTYPES = YES;
				CLANG_WARN_SUSPICIOUS_MOVE = YES;
				CLANG_WARN_UNGUARDED_AVAILABILITY = YES_AGGRESSIVE;
				CLANG_WARN_UNREACHABLE_CODE = YES;
				CLANG_WARN__DUPLICATE_METHOD_MATCH = YES;
				COPY_PHASE_STRIP = NO;
				DEBUG_INFORMATION_FORMAT = dwarf;
				ENABLE_STRICT_OBJC_MSGSEND = YES;
				ENABLE_TESTABILITY = YES;
				GCC_C_LANGUAGE_STANDARD = gnu11;
				GCC_DYNAMIC_NO_PIC = NO;
				GCC_NO_COMMON_BLOCKS = YES;
				GCC_OPTIMIZATION_LEVEL = 0;
				GCC_PREPROCESSOR_DEFINITIONS = (
					"DEBUG=1",
					"$(inherited)",
				);
				GCC_WARN_64_TO_32_BIT_CONVERSION = YES;
				GCC_WARN_ABOUT_RETURN_TYPE = YES_ERROR;
				GCC_WARN_UNDECLARED_SELECTOR = YES;
				GCC_WARN_UNINITIALIZED_AUTOS = YES_AGGRESSIVE;
				GCC_WARN_UNUSED_FUNCTION = YES;
				GCC_WARN_UNUSED_VARIABLE = YES;
				MTL_ENABLE_DEBUG_INFO = INCLUDE_SOURCE;
				MTL_FAST_MATH = YES;
				ONLY_ACTIVE_ARCH = YES;
				SWIFT_ACTIVE_COMPILATION_CONDITIONS = DEBUG;
				SWIFT_OPTIMIZATION_LEVEL = "-Onone";
			};
			name = Debug;
		};
		13FE882626D95AF30005BED6 /* Release */ = {
			isa = XCBuildConfiguration;
			buildSettings = {
				ALWAYS_SEARCH_USER_PATHS = NO;
				CLANG_ANALYZER_NONNULL = YES;
				CLANG_ANALYZER_NUMBER_OBJECT_CONVERSION = YES_AGGRESSIVE;
				CLANG_CXX_LANGUAGE_STANDARD = "gnu++14";
				CLANG_CXX_LIBRARY = "libc++";
				CLANG_ENABLE_MODULES = YES;
				CLANG_ENABLE_OBJC_ARC = YES;
				CLANG_ENABLE_OBJC_WEAK = YES;
				CLANG_WARN_BLOCK_CAPTURE_AUTORELEASING = YES;
				CLANG_WARN_BOOL_CONVERSION = YES;
				CLANG_WARN_COMMA = YES;
				CLANG_WARN_CONSTANT_CONVERSION = YES;
				CLANG_WARN_DEPRECATED_OBJC_IMPLEMENTATIONS = YES;
				CLANG_WARN_DIRECT_OBJC_ISA_USAGE = YES_ERROR;
				CLANG_WARN_DOCUMENTATION_COMMENTS = YES;
				CLANG_WARN_EMPTY_BODY = YES;
				CLANG_WARN_ENUM_CONVERSION = YES;
				CLANG_WARN_INFINITE_RECURSION = YES;
				CLANG_WARN_INT_CONVERSION = YES;
				CLANG_WARN_NON_LITERAL_NULL_CONVERSION = YES;
				CLANG_WARN_OBJC_IMPLICIT_RETAIN_SELF = YES;
				CLANG_WARN_OBJC_LITERAL_CONVERSION = YES;
				CLANG_WARN_OBJC_ROOT_CLASS = YES_ERROR;
				CLANG_WARN_QUOTED_INCLUDE_IN_FRAMEWORK_HEADER = YES;
				CLANG_WARN_RANGE_LOOP_ANALYSIS = YES;
				CLANG_WARN_STRICT_PROTOTYPES = YES;
				CLANG_WARN_SUSPICIOUS_MOVE = YES;
				CLANG_WARN_UNGUARDED_AVAILABILITY = YES_AGGRESSIVE;
				CLANG_WARN_UNREACHABLE_CODE = YES;
				CLANG_WARN__DUPLICATE_METHOD_MATCH = YES;
				COPY_PHASE_STRIP = NO;
				DEBUG_INFORMATION_FORMAT = "dwarf-with-dsym";
				ENABLE_NS_ASSERTIONS = NO;
				ENABLE_STRICT_OBJC_MSGSEND = YES;
				GCC_C_LANGUAGE_STANDARD = gnu11;
				GCC_NO_COMMON_BLOCKS = YES;
				GCC_WARN_64_TO_32_BIT_CONVERSION = YES;
				GCC_WARN_ABOUT_RETURN_TYPE = YES_ERROR;
				GCC_WARN_UNDECLARED_SELECTOR = YES;
				GCC_WARN_UNINITIALIZED_AUTOS = YES_AGGRESSIVE;
				GCC_WARN_UNUSED_FUNCTION = YES;
				GCC_WARN_UNUSED_VARIABLE = YES;
				MTL_ENABLE_DEBUG_INFO = NO;
				MTL_FAST_MATH = YES;
				SWIFT_COMPILATION_MODE = wholemodule;
				SWIFT_OPTIMIZATION_LEVEL = "-O";
			};
			name = Release;
		};
		13FE882826D95AF30005BED6 /* Debug */ = {
			isa = XCBuildConfiguration;
			buildSettings = {
				ASSETCATALOG_COMPILER_APPICON_NAME = AppIcon;
				ASSETCATALOG_COMPILER_GLOBAL_ACCENT_COLOR_NAME = AccentColor;
				CODE_SIGN_STYLE = Automatic;
				DEVELOPMENT_TEAM = 22W9SZ6CAU;
				ENABLE_PREVIEWS = YES;
				INFOPLIST_FILE = iOS/Info.plist;
				IPHONEOS_DEPLOYMENT_TARGET = 14.0;
				LD_RUNPATH_SEARCH_PATHS = (
					"$(inherited)",
					"@executable_path/Frameworks",
				);
				PRODUCT_BUNDLE_IDENTIFIER = com.konbeaulier.Scrumdinger;
				PRODUCT_NAME = Scrumdinger;
				SDKROOT = iphoneos;
				SWIFT_VERSION = 5.0;
				TARGETED_DEVICE_FAMILY = "1,2";
			};
			name = Debug;
		};
		13FE882926D95AF30005BED6 /* Release */ = {
			isa = XCBuildConfiguration;
			buildSettings = {
				ASSETCATALOG_COMPILER_APPICON_NAME = AppIcon;
				ASSETCATALOG_COMPILER_GLOBAL_ACCENT_COLOR_NAME = AccentColor;
				CODE_SIGN_STYLE = Automatic;
				DEVELOPMENT_TEAM = 22W9SZ6CAU;
				ENABLE_PREVIEWS = YES;
				INFOPLIST_FILE = iOS/Info.plist;
				IPHONEOS_DEPLOYMENT_TARGET = 14.0;
				LD_RUNPATH_SEARCH_PATHS = (
					"$(inherited)",
					"@executable_path/Frameworks",
				);
				PRODUCT_BUNDLE_IDENTIFIER = com.konbeaulier.Scrumdinger;
				PRODUCT_NAME = Scrumdinger;
				SDKROOT = iphoneos;
				SWIFT_VERSION = 5.0;
				TARGETED_DEVICE_FAMILY = "1,2";
				VALIDATE_PRODUCT = YES;
			};
			name = Release;
		};
		13FE882E26D95AF30005BED6 /* Debug */ = {
			isa = XCBuildConfiguration;
			buildSettings = {
				ALWAYS_EMBED_SWIFT_STANDARD_LIBRARIES = YES;
				CODE_SIGN_STYLE = Automatic;
				DEVELOPMENT_TEAM = 22W9SZ6CAU;
				INFOPLIST_FILE = "Tests iOS/Info.plist";
				IPHONEOS_DEPLOYMENT_TARGET = 14.5;
				LD_RUNPATH_SEARCH_PATHS = (
					"$(inherited)",
					"@executable_path/Frameworks",
					"@loader_path/Frameworks",
				);
				PRODUCT_BUNDLE_IDENTIFIER = "com.konbeaulier.Tests-iOS";
				PRODUCT_NAME = "$(TARGET_NAME)";
				SDKROOT = iphoneos;
				SWIFT_VERSION = 5.0;
				TARGETED_DEVICE_FAMILY = "1,2";
				TEST_TARGET_NAME = "Scrumdinger (iOS)";
			};
			name = Debug;
		};
		13FE882F26D95AF30005BED6 /* Release */ = {
			isa = XCBuildConfiguration;
			buildSettings = {
				ALWAYS_EMBED_SWIFT_STANDARD_LIBRARIES = YES;
				CODE_SIGN_STYLE = Automatic;
				DEVELOPMENT_TEAM = 22W9SZ6CAU;
				INFOPLIST_FILE = "Tests iOS/Info.plist";
				IPHONEOS_DEPLOYMENT_TARGET = 14.5;
				LD_RUNPATH_SEARCH_PATHS = (
					"$(inherited)",
					"@executable_path/Frameworks",
					"@loader_path/Frameworks",
				);
				PRODUCT_BUNDLE_IDENTIFIER = "com.konbeaulier.Tests-iOS";
				PRODUCT_NAME = "$(TARGET_NAME)";
				SDKROOT = iphoneos;
				SWIFT_VERSION = 5.0;
				TARGETED_DEVICE_FAMILY = "1,2";
				TEST_TARGET_NAME = "Scrumdinger (iOS)";
				VALIDATE_PRODUCT = YES;
			};
			name = Release;
		};
/* End XCBuildConfiguration section */

/* Begin XCConfigurationList section */
		13FE87F426D95AF20005BED6 /* Build configuration list for PBXProject "Scrumdinger" */ = {
			isa = XCConfigurationList;
			buildConfigurations = (
				13FE882526D95AF30005BED6 /* Debug */,
				13FE882626D95AF30005BED6 /* Release */,
			);
			defaultConfigurationIsVisible = 0;
			defaultConfigurationName = Release;
		};
		13FE882726D95AF30005BED6 /* Build configuration list for PBXNativeTarget "Scrumdinger (iOS)" */ = {
			isa = XCConfigurationList;
			buildConfigurations = (
				13FE882826D95AF30005BED6 /* Debug */,
				13FE882926D95AF30005BED6 /* Release */,
			);
			defaultConfigurationIsVisible = 0;
			defaultConfigurationName = Release;
		};
		13FE882D26D95AF30005BED6 /* Build configuration list for PBXNativeTarget "Tests iOS" */ = {
			isa = XCConfigurationList;
			buildConfigurations = (
				13FE882E26D95AF30005BED6 /* Debug */,
				13FE882F26D95AF30005BED6 /* Release */,
			);
			defaultConfigurationIsVisible = 0;
			defaultConfigurationName = Release;
		};
/* End XCConfigurationList section */
	};
	rootObject = 13FE87F126D95AF20005BED6 /* Project object */;
}
